
Microsoft Visual Studio Solution File, Format Version 12.00
# Visual Studio Version 17
VisualStudioVersion = 17.2.32526.322
MinimumVisualStudioVersion = 10.0.40219.1
Project("{FAE04EC0-301F-11D3-BF4B-00C04F79EFBC}") = "AlunoApi", "AlunoApi\AlunoApi.csproj", "{6BD729F8-F1DB-47FE-9D77-CC3EAC8ED9DD}"
EndProject
Global
	GlobalSection(SolutionConfigurationPlatforms) = preSolution
		Debug|Any CPU = Debug|Any CPU
		Release|Any CPU = Release|Any CPU
	EndGlobalSection
	GlobalSection(ProjectConfigurationPlatforms) = postSolution
		{6BD729F8-F1DB-47FE-9D77-CC3EAC8ED9DD}.Debug|Any CPU.ActiveCfg = Debug|Any CPU
		{6BD729F8-F1DB-47FE-9D77-CC3EAC8ED9DD}.Debug|Any CPU.Build.0 = Debug|Any CPU
		{6BD729F8-F1DB-47FE-9D77-CC3EAC8ED9DD}.Release|Any CPU.ActiveCfg = Release|Any CPU
		{6BD729F8-F1DB-47FE-9D77-CC3EAC8ED9DD}.Release|Any CPU.Build.0 = Release|Any CPU
	EndGlobalSection
	GlobalSection(SolutionProperties) = preSolution
		HideSolutionNode = FALSE
	EndGlobalSection
	GlobalSection(ExtensibilityGlobals) = postSolution
		SolutionGuid = {7468608C-4B7D-47DD-BA8C-D539A1B3EAAC}
	EndGlobalSection
EndGlobal
